
Microsoft Visual Studio Solution File, Format Version 12.00
# Visual Studio Version 17
VisualStudioVersion = 17.7.34003.232
MinimumVisualStudioVersion = 10.0.40219.1
Project("{FAE04EC0-301F-11D3-BF4B-00C04F79EFBC}") = "Exceptions_Dallas", "Exceptions_Dallas\Exceptions_Dallas.csproj", "{6D497F56-C60A-44F7-BE85-DC64701735BC}"
EndProject
Global
	GlobalSection(SolutionConfigurationPlatforms) = preSolution
		Debug|Any CPU = Debug|Any CPU
		Release|Any CPU = Release|Any CPU
	EndGlobalSection
	GlobalSection(ProjectConfigurationPlatforms) = postSolution
		{6D497F56-C60A-44F7-BE85-DC64701735BC}.Debug|Any CPU.ActiveCfg = Debug|Any CPU
		{6D497F56-C60A-44F7-BE85-DC64701735BC}.Debug|Any CPU.Build.0 = Debug|Any CPU
		{6D497F56-C60A-44F7-BE85-DC64701735BC}.Release|Any CPU.ActiveCfg = Release|Any CPU
		{6D497F56-C60A-44F7-BE85-DC64701735BC}.Release|Any CPU.Build.0 = Release|Any CPU
	EndGlobalSection
	GlobalSection(SolutionProperties) = preSolution
		HideSolutionNode = FALSE
	EndGlobalSection
	GlobalSection(ExtensibilityGlobals) = postSolution
		SolutionGuid = {09DB0CD0-8DF3-4EC2-8CE4-3D759DB4380A}
	EndGlobalSection
EndGlobal
